
Microsoft Visual Studio Solution File, Format Version 12.00
# Visual Studio 15
VisualStudioVersion = 15.0.27130.2036
MinimumVisualStudioVersion = 10.0.40219.1
Project("{FAE04EC0-301F-11D3-BF4B-00C04F79EFBC}") = "ljyk_marketing", "ljyk_marketing\ljyk_marketing.csproj", "{792C39A7-1CD7-413A-A36A-DCF65BB2235B}"
EndProject
Global
	GlobalSection(SolutionConfigurationPlatforms) = preSolution
		Debug|Any CPU = Debug|Any CPU
		Release|Any CPU = Release|Any CPU
	EndGlobalSection
	GlobalSection(ProjectConfigurationPlatforms) = postSolution
		{792C39A7-1CD7-413A-A36A-DCF65BB2235B}.Debug|Any CPU.ActiveCfg = Debug|Any CPU
		{792C39A7-1CD7-413A-A36A-DCF65BB2235B}.Debug|Any CPU.Build.0 = Debug|Any CPU
		{792C39A7-1CD7-413A-A36A-DCF65BB2235B}.Release|Any CPU.ActiveCfg = Release|Any CPU
		{792C39A7-1CD7-413A-A36A-DCF65BB2235B}.Release|Any CPU.Build.0 = Release|Any CPU
	EndGlobalSection
	GlobalSection(SolutionProperties) = preSolution
		HideSolutionNode = FALSE
	EndGlobalSection
	GlobalSection(ExtensibilityGlobals) = postSolution
		SolutionGuid = {85DB55E5-14AE-46F1-9BCB-A42FEBA801E6}
	EndGlobalSection
EndGlobal
